{
  "name": "atom-package-deps",
  "version": "4.6.2",
  "lockfileVersion": 1,
  "requires": true,
  "dependencies": {
    "atom-package-path": {
      "version": "1.1.0",
      "resolved": "https://registry.npmjs.org/atom-package-path/-/atom-package-path-1.1.0.tgz",
      "integrity": "sha1-tR/tvADnyM5SI9DYA9t6P09pYU8="
    },
    "babel-cli": {
      "version": "6.24.1",
      "resolved": "https://registry.npmjs.org/babel-cli/-/babel-cli-6.24.1.tgz",
      "integrity": "sha1-IHzXBbumFImy6kG1MSNBz2rKIoM=",
      "dev": true
    },
    "babel-plugin-for-of-efficient": {
      "version": "1.0.0",
      "resolved": "https://registry.npmjs.org/babel-plugin-for-of-efficient/-/babel-plugin-for-of-efficient-1.0.0.tgz",
      "integrity": "sha1-yUpcspWQtovRI6ihwxZ1TLqYLa8=",
      "dev": true
    },
    "babel-preset-steelbrain": {
      "version": "5.0.2",
      "resolved": "https://registry.npmjs.org/babel-preset-steelbrain/-/babel-preset-steelbrain-5.0.2.tgz",
      "integrity": "sha1-l8CUnHKMD/amGKhC1J9kr4wwH0U=",
      "dev": true
    },
    "eslint-config-steelbrain": {
      "version": "3.0.1",
      "resolved": "https://registry.npmjs.org/eslint-config-steelbrain/-/eslint-config-steelbrain-3.0.1.tgz",
      "integrity": "sha1-DlctYvipK9vvEzIF4gPT5fV1MTg=",
      "dev": true
    },
    "flow-bin": {
      "version": "0.74.0",
      "resolved": "https://registry.npmjs.org/flow-bin/-/flow-bin-0.74.0.tgz",
      "integrity": "sha512-tIN9J5qg71S4UbofCu80tve8a+p7Hj7ytwUtu79cLg9KJVVTNnVVJXKgCghVzaZT1Rvl9SMHVPlDs9uYhPHEGQ==",
      "dev": true
    },
    "glob": {
      "version": "7.1.2",
      "resolved": "https://registry.npmjs.org/glob/-/glob-7.1.2.tgz",
      "integrity": "sha512-MJTUg1kjuLeQCJ+ccE4Vpa6kKVXkPYJ2mOCQyUuKLcLQsdrMCpBPUi8qVE6+YuaJkozeA9NusTAw3hLr8Xe5EQ==",
      "dev": true
    },
    "jasmine-fix": {
      "version": "1.2.0",
      "resolved": "https://registry.npmjs.org/jasmine-fix/-/jasmine-fix-1.2.0.tgz",
      "integrity": "sha1-28yAtkwvydIb7QFmNzgqD2eyYts=",
      "dev": true
    },
    "rimraf": {
      "version": "2.6.2",
      "resolved": "https://registry.npmjs.org/rimraf/-/rimraf-2.6.2.tgz",
      "integrity": "sha512-lreewLK/BlghmxtfH36YYVg1i8IAce4TI7oao75I1g245+6BctqTVQiBP3YUJ9C6DQOXJmkYR9X9fCLtCOJc5w==",
      "dev": true,
      "requires": {
        "glob": "^7.0.5"
      }
    },
    "sb-fs": {
      "version": "3.0.0",
      "resolved": "https://registry.npmjs.org/sb-fs/-/sb-fs-3.0.0.tgz",
      "integrity": "sha1-+9zdMBDoChuOJ0kM7zNgZJdCA7g="
    },
    "semver": {
      "version": "5.3.0",
      "resolved": "https://registry.npmjs.org/semver/-/semver-5.3.0.tgz",
      "integrity": "sha1-myzl094C0XxgEq0yaqa00M9U+U8="
    }
  }
}
