{
  "name": "atom-package-deps",
  "version": "4.6.2",
  "lockfileVersion": 1,
  "requires": true,
  "dependencies": {
    "atom-package-path": {
      "version": "1.1.0",
      "resolved": "https://registry.npmjs.org/atom-package-path/-/atom-package-path-1.1.0.tgz",
      "integrity": "sha1-tR/tvADnyM5SI9DYA9t6P09pYU8="
    },
    "babel-cli": {
      "version": "6.24.1",
      "resolved": "https://registry.npmjs.org/babel-cli/-/babel-cli-6.24.1.tgz",
      "integrity": "sha1-IHzXBbumFImy6kG1MSNBz2rKIoM=",
      "dev": true
    },
    "babel-plugin-check-es2015-constants": {
      "version": "6.22.0",
      "resolved": "https://registry.npmjs.org/babel-plugin-check-es2015-constants/-/babel-plugin-check-es2015-constants-6.22.0.tgz",
      "integrity": "sha1-NRV7EBQm/S/9PaP3XH0ekYNbv4o=",
      "dev": true
    },
    "babel-plugin-for-of-efficient": {
      "version": "1.0.0",
      "resolved": "https://registry.npmjs.org/babel-plugin-for-of-efficient/-/babel-plugin-for-of-efficient-1.0.0.tgz",
      "integrity": "sha1-yUpcspWQtovRI6ihwxZ1TLqYLa8=",
      "dev": true
    },
    "babel-plugin-syntax-trailing-function-commas": {
      "version": "6.22.0",
      "resolved": "https://registry.npmjs.org/babel-plugin-syntax-trailing-function-commas/-/babel-plugin-syntax-trailing-function-commas-6.22.0.tgz",
      "integrity": "sha1-ugNgk3+NBuQBgKQ/4NVhb/9TLPM=",
      "dev": true
    },
    "babel-plugin-transform-async-to-generator": {
      "version": "6.24.1",
      "resolved": "https://registry.npmjs.org/babel-plugin-transform-async-to-generator/-/babel-plugin-transform-async-to-generator-6.24.1.tgz",
      "integrity": "sha1-ZTbjeK/2yx1VF6wOQOs+n8jQh2E=",
      "dev": true
    },
    "babel-plugin-transform-decorators-legacy": {
      "version": "1.3.4",
      "resolved": "https://registry.npmjs.org/babel-plugin-transform-decorators-legacy/-/babel-plugin-transform-decorators-legacy-1.3.4.tgz",
      "integrity": "sha1-dBtY9sW86eYCfgiC2cmU8E82aSU=",
      "dev": true
    },
    "babel-plugin-transform-es2015-arrow-functions": {
      "version": "6.22.0",
      "resolved": "https://registry.npmjs.org/babel-plugin-transform-es2015-arrow-functions/-/babel-plugin-transform-es2015-arrow-functions-6.22.0.tgz",
      "integrity": "sha1-RSaSy3EdX3ncf4XkQM5BufJE0iE=",
      "dev": true
    },
    "babel-plugin-transform-es2015-block-scoped-functions": {
      "version": "6.22.0",
      "resolved": "https://registry.npmjs.org/babel-plugin-transform-es2015-block-scoped-functions/-/babel-plugin-transform-es2015-block-scoped-functions-6.22.0.tgz",
      "integrity": "sha1-u8UbSflk1wy42OC5ToICRs46YUE=",
      "dev": true
    },
    "babel-plugin-transform-es2015-block-scoping": {
      "version": "6.24.1",
      "resolved": "https://registry.npmjs.org/babel-plugin-transform-es2015-block-scoping/-/babel-plugin-transform-es2015-block-scoping-6.24.1.tgz",
      "integrity": "sha1-dsKV3DpHQbFmWt/TFnIV3P8ypXY=",
      "dev": true
    },
    "babel-plugin-transform-es2015-classes": {
      "version": "6.24.1",
      "resolved": "https://registry.npmjs.org/babel-plugin-transform-es2015-classes/-/babel-plugin-transform-es2015-classes-6.24.1.tgz",
      "integrity": "sha1-WkxYpQyclGHlZLSyo7+ryXolhNs=",
      "dev": true
    },
    "babel-plugin-transform-es2015-computed-properties": {
      "version": "6.24.1",
      "resolved": "https://registry.npmjs.org/babel-plugin-transform-es2015-computed-properties/-/babel-plugin-transform-es2015-computed-properties-6.24.1.tgz",
      "integrity": "sha1-b+Ko0WiV1WNPTNmZttNICjCBWbM=",
      "dev": true
    },
    "babel-plugin-transform-es2015-destructuring": {
      "version": "6.23.0",
      "resolved": "https://registry.npmjs.org/babel-plugin-transform-es2015-destructuring/-/babel-plugin-transform-es2015-destructuring-6.23.0.tgz",
      "integrity": "sha1-mXux8auWf2gtKwh2/jWNYOdlxW0=",
      "dev": true
    },
    "babel-plugin-transform-es2015-duplicate-keys": {
      "version": "6.24.1",
      "resolved": "https://registry.npmjs.org/babel-plugin-transform-es2015-duplicate-keys/-/babel-plugin-transform-es2015-duplicate-keys-6.24.1.tgz",
      "integrity": "sha1-c+s9MQypaePvnskcU3QabxV2Qj4=",
      "dev": true
    },
    "babel-plugin-transform-es2015-for-of": {
      "version": "6.23.0",
      "resolved": "https://registry.npmjs.org/babel-plugin-transform-es2015-for-of/-/babel-plugin-transform-es2015-for-of-6.23.0.tgz",
      "integrity": "sha1-9HyVsrYT3x0+zC/bdXNiPHUkhpE=",
      "dev": true
    },
    "babel-plugin-transform-es2015-function-name": {
      "version": "6.24.1",
      "resolved": "https://registry.npmjs.org/babel-plugin-transform-es2015-function-name/-/babel-plugin-transform-es2015-function-name-6.24.1.tgz",
      "integrity": "sha1-g0yJhTvDaxrw86TF26qU/Y6sqos=",
      "dev": true
    },
    "babel-plugin-transform-es2015-literals": {
      "version": "6.22.0",
      "resolved": "https://registry.npmjs.org/babel-plugin-transform-es2015-literals/-/babel-plugin-transform-es2015-literals-6.22.0.tgz",
      "integrity": "sha1-T1SgLWzWbPkVKAAZox0xklN3yi4=",
      "dev": true
    },
    "babel-plugin-transform-es2015-modules-amd": {
      "version": "6.24.1",
      "resolved": "https://registry.npmjs.org/babel-plugin-transform-es2015-modules-amd/-/babel-plugin-transform-es2015-modules-amd-6.24.1.tgz",
      "integrity": "sha1-Oz5UAXI5hC1tGcMBHEvS8AoA0VQ=",
      "dev": true
    },
    "babel-plugin-transform-es2015-modules-commonjs": {
      "version": "6.24.1",
      "resolved": "https://registry.npmjs.org/babel-plugin-transform-es2015-modules-commonjs/-/babel-plugin-transform-es2015-modules-commonjs-6.24.1.tgz",
      "integrity": "sha1-0+MQtA72ZKNmIiAAl8bUQCmPK/4=",
      "dev": true
    },
    "babel-plugin-transform-es2015-modules-systemjs": {
      "version": "6.24.1",
      "resolved": "https://registry.npmjs.org/babel-plugin-transform-es2015-modules-systemjs/-/babel-plugin-transform-es2015-modules-systemjs-6.24.1.tgz",
      "integrity": "sha1-/4mhQrkRmpBhlfXxBuzzBdlAfSM=",
      "dev": true
    },
    "babel-plugin-transform-es2015-modules-umd": {
      "version": "6.24.1",
      "resolved": "https://registry.npmjs.org/babel-plugin-transform-es2015-modules-umd/-/babel-plugin-transform-es2015-modules-umd-6.24.1.tgz",
      "integrity": "sha1-rJl+YoXNGO1hdq22B9YCNErThGg=",
      "dev": true
    },
    "babel-plugin-transform-es2015-object-super": {
      "version": "6.24.1",
      "resolved": "https://registry.npmjs.org/babel-plugin-transform-es2015-object-super/-/babel-plugin-transform-es2015-object-super-6.24.1.tgz",
      "integrity": "sha1-JM72muIcuDp/hgPa0CH1cusnj40=",
      "dev": true
    },
    "babel-plugin-transform-es2015-parameters": {
      "version": "6.24.1",
      "resolved": "https://registry.npmjs.org/babel-plugin-transform-es2015-parameters/-/babel-plugin-transform-es2015-parameters-6.24.1.tgz",
      "integrity": "sha1-V6w1GrScrxSpfNE7CfZv3wpiXys=",
      "dev": true
    },
    "babel-plugin-transform-es2015-shorthand-properties": {
      "version": "6.24.1",
      "resolved": "https://registry.npmjs.org/babel-plugin-transform-es2015-shorthand-properties/-/babel-plugin-transform-es2015-shorthand-properties-6.24.1.tgz",
      "integrity": "sha1-JPh11nIch2YbvZmkYi5R8U3jiqA=",
      "dev": true
    },
    "babel-plugin-transform-es2015-spread": {
      "version": "6.22.0",
      "resolved": "https://registry.npmjs.org/babel-plugin-transform-es2015-spread/-/babel-plugin-transform-es2015-spread-6.22.0.tgz",
      "integrity": "sha1-1taKmfia7cRTbIGlQujdnxdG+NE=",
      "dev": true
    },
    "babel-plugin-transform-es2015-sticky-regex": {
      "version": "6.24.1",
      "resolved": "https://registry.npmjs.org/babel-plugin-transform-es2015-sticky-regex/-/babel-plugin-transform-es2015-sticky-regex-6.24.1.tgz",
      "integrity": "sha1-AMHNsaynERLN8M9hJsLta0V8zbw=",
      "dev": true
    },
    "babel-plugin-transform-es2015-template-literals": {
      "version": "6.22.0",
      "resolved": "https://registry.npmjs.org/babel-plugin-transform-es2015-template-literals/-/babel-plugin-transform-es2015-template-literals-6.22.0.tgz",
      "integrity": "sha1-qEs0UPfp+PH2g51taH2oS7EjbY0=",
      "dev": true
    },
    "babel-plugin-transform-es2015-typeof-symbol": {
      "version": "6.23.0",
      "resolved": "https://registry.npmjs.org/babel-plugin-transform-es2015-typeof-symbol/-/babel-plugin-transform-es2015-typeof-symbol-6.23.0.tgz",
      "integrity": "sha1-3sCfHN3/lLUqxz1QXITfWdzOs3I=",
      "dev": true
    },
    "babel-plugin-transform-es2015-unicode-regex": {
      "version": "6.24.1",
      "resolved": "https://registry.npmjs.org/babel-plugin-transform-es2015-unicode-regex/-/babel-plugin-transform-es2015-unicode-regex-6.24.1.tgz",
      "integrity": "sha1-04sS9C6nMj9yk4fxinxa4frrNek=",
      "dev": true
    },
    "babel-plugin-transform-exponentiation-operator": {
      "version": "6.24.1",
      "resolved": "https://registry.npmjs.org/babel-plugin-transform-exponentiation-operator/-/babel-plugin-transform-exponentiation-operator-6.24.1.tgz",
      "integrity": "sha1-KrDJx/MJj6SJB3cruBP+QejeOg4=",
      "dev": true
    },
    "babel-plugin-transform-regenerator": {
      "version": "6.24.1",
      "resolved": "https://registry.npmjs.org/babel-plugin-transform-regenerator/-/babel-plugin-transform-regenerator-6.24.1.tgz",
      "integrity": "sha1-uNowWtQ8PJm0hI5P5AN7dw0jxBg=",
      "dev": true
    },
    "babel-preset-react": {
      "version": "6.24.1",
      "resolved": "https://registry.npmjs.org/babel-preset-react/-/babel-preset-react-6.24.1.tgz",
      "integrity": "sha1-umnfrqRfw+xjm2pOzqbhdwLJE4A=",
      "dev": true
    },
    "babel-preset-stage-0": {
      "version": "6.24.1",
      "resolved": "https://registry.npmjs.org/babel-preset-stage-0/-/babel-preset-stage-0-6.24.1.tgz",
      "integrity": "sha1-VkLRUEL5E4TX5a+LyIsduVsDnmo=",
      "dev": true
    },
    "babel-preset-steelbrain": {
      "version": "5.0.3",
      "resolved": "https://registry.npmjs.org/babel-preset-steelbrain/-/babel-preset-steelbrain-5.0.3.tgz",
      "integrity": "sha512-oogeTRtkEweYIbXz8dcQqqeuJc8+c9h6Ji2O2F+b2b21i99/nYIJbkGaLyAmCDMSC7zUacXAKKIDhgXri9ghFw==",
      "dev": true,
      "requires": {
        "babel-plugin-transform-decorators-legacy": "^1.3.4",
        "babel-preset-env": "^1.6.0",
        "babel-preset-react": "^6.11.1",
        "babel-preset-stage-0": "^6.5.0"
      },
      "dependencies": {
        "babel-preset-env": {
          "version": "1.7.0",
          "resolved": "https://registry.npmjs.org/babel-preset-env/-/babel-preset-env-1.7.0.tgz",
          "integrity": "sha512-9OR2afuKDneX2/q2EurSftUYM0xGu4O2D9adAhVfADDhrYDaxXV0rBbevVYoY9n6nyX1PmQW/0jtpJvUNr9CHg==",
          "dev": true,
          "requires": {
            "babel-plugin-check-es2015-constants": "^6.22.0",
            "babel-plugin-syntax-trailing-function-commas": "^6.22.0",
            "babel-plugin-transform-async-to-generator": "^6.22.0",
            "babel-plugin-transform-es2015-arrow-functions": "^6.22.0",
            "babel-plugin-transform-es2015-block-scoped-functions": "^6.22.0",
            "babel-plugin-transform-es2015-block-scoping": "^6.23.0",
            "babel-plugin-transform-es2015-classes": "^6.23.0",
            "babel-plugin-transform-es2015-computed-properties": "^6.22.0",
            "babel-plugin-transform-es2015-destructuring": "^6.23.0",
            "babel-plugin-transform-es2015-duplicate-keys": "^6.22.0",
            "babel-plugin-transform-es2015-for-of": "^6.23.0",
            "babel-plugin-transform-es2015-function-name": "^6.22.0",
            "babel-plugin-transform-es2015-literals": "^6.22.0",
            "babel-plugin-transform-es2015-modules-amd": "^6.22.0",
            "babel-plugin-transform-es2015-modules-commonjs": "^6.23.0",
            "babel-plugin-transform-es2015-modules-systemjs": "^6.23.0",
            "babel-plugin-transform-es2015-modules-umd": "^6.23.0",
            "babel-plugin-transform-es2015-object-super": "^6.22.0",
            "babel-plugin-transform-es2015-parameters": "^6.23.0",
            "babel-plugin-transform-es2015-shorthand-properties": "^6.22.0",
            "babel-plugin-transform-es2015-spread": "^6.22.0",
            "babel-plugin-transform-es2015-sticky-regex": "^6.22.0",
            "babel-plugin-transform-es2015-template-literals": "^6.22.0",
            "babel-plugin-transform-es2015-typeof-symbol": "^6.23.0",
            "babel-plugin-transform-es2015-unicode-regex": "^6.22.0",
            "babel-plugin-transform-exponentiation-operator": "^6.22.0",
            "babel-plugin-transform-regenerator": "^6.22.0",
            "browserslist": "^3.2.6",
            "invariant": "^2.2.2",
            "semver": "^5.3.0"
          }
        },
        "browserslist": {
          "version": "3.2.8",
          "resolved": "https://registry.npmjs.org/browserslist/-/browserslist-3.2.8.tgz",
          "integrity": "sha512-WHVocJYavUwVgVViC0ORikPHQquXwVh939TaelZ4WDqpWgTX/FsGhl/+P4qBUAGcRvtOgDgC+xftNWWp2RUTAQ==",
          "dev": true,
          "requires": {
            "caniuse-lite": "^1.0.30000844",
            "electron-to-chromium": "^1.3.47"
          }
        },
        "caniuse-lite": {
          "version": "1.0.30000925",
          "resolved": "https://registry.npmjs.org/caniuse-lite/-/caniuse-lite-1.0.30000925.tgz",
          "integrity": "sha512-zcYupoUxtW46rOikuDF7vfL9N1Qe9ZuUBTz3n3q8fFsoJIs/h9UN6Vg/0QpjsmvImXw9mVc3g+ZBfqvUz/iALA==",
          "dev": true
        },
        "electron-to-chromium": {
          "version": "1.3.96",
          "resolved": "https://registry.npmjs.org/electron-to-chromium/-/electron-to-chromium-1.3.96.tgz",
          "integrity": "sha512-ZUXBUyGLeoJxp4Nt6G/GjBRLnyz8IKQGexZ2ndWaoegThgMGFO1tdDYID5gBV32/1S83osjJHyfzvanE/8HY4Q==",
          "dev": true
        }
      }
    },
    "eslint-config-steelbrain": {
      "version": "3.0.1",
      "resolved": "https://registry.npmjs.org/eslint-config-steelbrain/-/eslint-config-steelbrain-3.0.1.tgz",
      "integrity": "sha1-DlctYvipK9vvEzIF4gPT5fV1MTg=",
      "dev": true
    },
    "flow-bin": {
      "version": "0.74.0",
      "resolved": "https://registry.npmjs.org/flow-bin/-/flow-bin-0.74.0.tgz",
      "integrity": "sha512-tIN9J5qg71S4UbofCu80tve8a+p7Hj7ytwUtu79cLg9KJVVTNnVVJXKgCghVzaZT1Rvl9SMHVPlDs9uYhPHEGQ==",
      "dev": true
    },
    "invariant": {
      "version": "2.2.2",
      "resolved": "https://registry.npmjs.org/invariant/-/invariant-2.2.2.tgz",
      "integrity": "sha1-nh9WrArNtr8wMwbzOL47IErmA2A=",
      "dev": true
    },
    "jasmine-fix": {
      "version": "1.2.0",
      "resolved": "https://registry.npmjs.org/jasmine-fix/-/jasmine-fix-1.2.0.tgz",
      "integrity": "sha1-28yAtkwvydIb7QFmNzgqD2eyYts=",
      "dev": true
    },
    "rimraf": {
      "version": "2.6.1",
      "resolved": "https://registry.npmjs.org/rimraf/-/rimraf-2.6.1.tgz",
      "integrity": "sha1-wjOOxkPfeht/5cVPqG9XQopV8z0=",
      "dev": true
    },
    "sb-fs": {
      "version": "3.0.0",
      "resolved": "https://registry.npmjs.org/sb-fs/-/sb-fs-3.0.0.tgz",
      "integrity": "sha1-+9zdMBDoChuOJ0kM7zNgZJdCA7g="
    },
    "semver": {
      "version": "5.3.0",
      "resolved": "https://registry.npmjs.org/semver/-/semver-5.3.0.tgz",
      "integrity": "sha1-myzl094C0XxgEq0yaqa00M9U+U8="
    }
  }
}
